
Microsoft Visual Studio Solution File, Format Version 12.00
# Visual Studio 15
VisualStudioVersion = 15.0.27004.2009
MinimumVisualStudioVersion = 10.0.40219.1
Project("{9A19103F-16F7-4668-BE54-9A1E7A4F7556}") = "SchoolTreinee.Domain", "SchoolTreinee.Domain\SchoolTreinee.Domain.csproj", "{C5440BE3-A336-457B-AB3A-F4A9D7216F32}"
EndProject
Project("{FAE04EC0-301F-11D3-BF4B-00C04F79EFBC}") = "SchoolTreinee.Web", "SchoolTreinee.Web\SchoolTreinee.Web.csproj", "{8E563FE4-ED2F-46EF-B99E-64D3C4ED251D}"
EndProject
Project("{FAE04EC0-301F-11D3-BF4B-00C04F79EFBC}") = "SchoolTreineeTest", "SchoolTreineeTesr\SchoolTreineeTest.csproj", "{12A5B58C-D0BF-4DBE-8AE6-381864AF4CED}"
EndProject
Global
	GlobalSection(SolutionConfigurationPlatforms) = preSolution
		Debug|Any CPU = Debug|Any CPU
		Release|Any CPU = Release|Any CPU
	EndGlobalSection
	GlobalSection(ProjectConfigurationPlatforms) = postSolution
		{C5440BE3-A336-457B-AB3A-F4A9D7216F32}.Debug|Any CPU.ActiveCfg = Debug|Any CPU
		{C5440BE3-A336-457B-AB3A-F4A9D7216F32}.Debug|Any CPU.Build.0 = Debug|Any CPU
		{C5440BE3-A336-457B-AB3A-F4A9D7216F32}.Release|Any CPU.ActiveCfg = Release|Any CPU
		{C5440BE3-A336-457B-AB3A-F4A9D7216F32}.Release|Any CPU.Build.0 = Release|Any CPU
		{8E563FE4-ED2F-46EF-B99E-64D3C4ED251D}.Debug|Any CPU.ActiveCfg = Debug|Any CPU
		{8E563FE4-ED2F-46EF-B99E-64D3C4ED251D}.Debug|Any CPU.Build.0 = Debug|Any CPU
		{8E563FE4-ED2F-46EF-B99E-64D3C4ED251D}.Release|Any CPU.ActiveCfg = Release|Any CPU
		{8E563FE4-ED2F-46EF-B99E-64D3C4ED251D}.Release|Any CPU.Build.0 = Release|Any CPU
		{12A5B58C-D0BF-4DBE-8AE6-381864AF4CED}.Debug|Any CPU.ActiveCfg = Debug|Any CPU
		{12A5B58C-D0BF-4DBE-8AE6-381864AF4CED}.Debug|Any CPU.Build.0 = Debug|Any CPU
		{12A5B58C-D0BF-4DBE-8AE6-381864AF4CED}.Release|Any CPU.ActiveCfg = Release|Any CPU
		{12A5B58C-D0BF-4DBE-8AE6-381864AF4CED}.Release|Any CPU.Build.0 = Release|Any CPU
	EndGlobalSection
	GlobalSection(SolutionProperties) = preSolution
		HideSolutionNode = FALSE
	EndGlobalSection
	GlobalSection(ExtensibilityGlobals) = postSolution
		SolutionGuid = {9A46CAE1-9FB4-48E4-9466-44F2A74A4DB7}
	EndGlobalSection
EndGlobal
